// !$*UTF8*$!
{
	archiveVersion = 1;
	classes = {
	};
	objectVersion = 56;
	objects = {

/* Begin PBXBuildFile section */
		9960406B29FCBF3300D547E0 /* PlaceViewModel.swift in Sources */ = {isa = PBXBuildFile; fileRef = 9960406A29FCBF3300D547E0 /* PlaceViewModel.swift */; };
		9960406D29FCEFB500D547E0 /* PlaceListView.swift in Sources */ = {isa = PBXBuildFile; fileRef = 9960406C29FCEFB500D547E0 /* PlaceListView.swift */; };
		9960406F29FD064800D547E0 /* PlaceRowView.swift in Sources */ = {isa = PBXBuildFile; fileRef = 9960406E29FD064800D547E0 /* PlaceRowView.swift */; };
		9960407229FD319200D547E0 /* DataModel.xcdatamodeld in Sources */ = {isa = PBXBuildFile; fileRef = 996BA44729F0E23700DCA216 /* DataModel.xcdatamodeld */; };
		9960407329FD319700D547E0 /* PlaceViewModel.swift in Sources */ = {isa = PBXBuildFile; fileRef = 9960406A29FCBF3300D547E0 /* PlaceViewModel.swift */; };
		9960407429FD320B00D547E0 /* Persistence.swift in Sources */ = {isa = PBXBuildFile; fileRef = 996BA43E29F0DBD900DCA216 /* Persistence.swift */; };
		9960407629FD331100D547E0 /* Documentation.docc in Sources */ = {isa = PBXBuildFile; fileRef = 9960407529FD331100D547E0 /* Documentation.docc */; };
		996BA41029F0D5DB00DCA216 /* FavouritePlacesApp.swift in Sources */ = {isa = PBXBuildFile; fileRef = 996BA40F29F0D5DB00DCA216 /* FavouritePlacesApp.swift */; };
		996BA41229F0D5DB00DCA216 /* ContentView.swift in Sources */ = {isa = PBXBuildFile; fileRef = 996BA41129F0D5DB00DCA216 /* ContentView.swift */; };
		996BA41429F0D5DB00DCA216 /* Assets.xcassets in Resources */ = {isa = PBXBuildFile; fileRef = 996BA41329F0D5DB00DCA216 /* Assets.xcassets */; };
		996BA41729F0D5DB00DCA216 /* Preview Assets.xcassets in Resources */ = {isa = PBXBuildFile; fileRef = 996BA41629F0D5DB00DCA216 /* Preview Assets.xcassets */; };
		996BA42129F0D5DB00DCA216 /* FavouritePlacesTests.swift in Sources */ = {isa = PBXBuildFile; fileRef = 996BA42029F0D5DB00DCA216 /* FavouritePlacesTests.swift */; };
		996BA42B29F0D5DB00DCA216 /* FavouritePlacesUITests.swift in Sources */ = {isa = PBXBuildFile; fileRef = 996BA42A29F0D5DB00DCA216 /* FavouritePlacesUITests.swift */; };
		996BA42D29F0D5DB00DCA216 /* FavouritePlacesUITestsLaunchTests.swift in Sources */ = {isa = PBXBuildFile; fileRef = 996BA42C29F0D5DB00DCA216 /* FavouritePlacesUITestsLaunchTests.swift */; };
		996BA43A29F0D75200DCA216 /* Readme.md in Resources */ = {isa = PBXBuildFile; fileRef = 996BA43929F0D75200DCA216 /* Readme.md */; };
		996BA43F29F0DBD900DCA216 /* Persistence.swift in Sources */ = {isa = PBXBuildFile; fileRef = 996BA43E29F0DBD900DCA216 /* Persistence.swift */; };
		996BA44929F0E23700DCA216 /* DataModel.xcdatamodeld in Sources */ = {isa = PBXBuildFile; fileRef = 996BA44729F0E23700DCA216 /* DataModel.xcdatamodeld */; };
		996BA44B29F0EE4E00DCA216 /* DetailView.swift in Sources */ = {isa = PBXBuildFile; fileRef = 996BA44A29F0EE4E00DCA216 /* DetailView.swift */; };
		99A924792A03A96100E54FCC /* LocationView.swift in Sources */ = {isa = PBXBuildFile; fileRef = 99A924782A03A96100E54FCC /* LocationView.swift */; };
		99A9247B2A03AD7E00E54FCC /* LocationModel.swift in Sources */ = {isa = PBXBuildFile; fileRef = 99A9247A2A03AD7E00E54FCC /* LocationModel.swift */; };
		99A9247D2A03B47200E54FCC /* LocationViewModel.swift in Sources */ = {isa = PBXBuildFile; fileRef = 99A9247C2A03B47200E54FCC /* LocationViewModel.swift */; };
/* End PBXBuildFile section */

/* Begin PBXContainerItemProxy section */
		996BA41D29F0D5DB00DCA216 /* PBXContainerItemProxy */ = {
			isa = PBXContainerItemProxy;
			containerPortal = 996BA40429F0D5DA00DCA216 /* Project object */;
			proxyType = 1;
			remoteGlobalIDString = 996BA40B29F0D5DA00DCA216;
			remoteInfo = FavouritePlaces;
		};
		996BA42729F0D5DB00DCA216 /* PBXContainerItemProxy */ = {
			isa = PBXContainerItemProxy;
			containerPortal = 996BA40429F0D5DA00DCA216 /* Project object */;
			proxyType = 1;
			remoteGlobalIDString = 996BA40B29F0D5DA00DCA216;
			remoteInfo = FavouritePlaces;
		};
/* End PBXContainerItemProxy section */

/* Begin PBXFileReference section */
		9960406A29FCBF3300D547E0 /* PlaceViewModel.swift */ = {isa = PBXFileReference; lastKnownFileType = sourcecode.swift; path = PlaceViewModel.swift; sourceTree = "<group>"; };
		9960406C29FCEFB500D547E0 /* PlaceListView.swift */ = {isa = PBXFileReference; lastKnownFileType = sourcecode.swift; path = PlaceListView.swift; sourceTree = "<group>"; };
		9960406E29FD064800D547E0 /* PlaceRowView.swift */ = {isa = PBXFileReference; lastKnownFileType = sourcecode.swift; path = PlaceRowView.swift; sourceTree = "<group>"; };
		9960407529FD331100D547E0 /* Documentation.docc */ = {isa = PBXFileReference; lastKnownFileType = folder.documentationcatalog; path = Documentation.docc; sourceTree = "<group>"; };
		996BA40C29F0D5DB00DCA216 /* FavouritePlaces.app */ = {isa = PBXFileReference; explicitFileType = wrapper.application; includeInIndex = 0; path = FavouritePlaces.app; sourceTree = BUILT_PRODUCTS_DIR; };
		996BA40F29F0D5DB00DCA216 /* FavouritePlacesApp.swift */ = {isa = PBXFileReference; lastKnownFileType = sourcecode.swift; path = FavouritePlacesApp.swift; sourceTree = "<group>"; };
		996BA41129F0D5DB00DCA216 /* ContentView.swift */ = {isa = PBXFileReference; lastKnownFileType = sourcecode.swift; path = ContentView.swift; sourceTree = "<group>"; };
		996BA41329F0D5DB00DCA216 /* Assets.xcassets */ = {isa = PBXFileReference; lastKnownFileType = folder.assetcatalog; path = Assets.xcassets; sourceTree = "<group>"; };
		996BA41629F0D5DB00DCA216 /* Preview Assets.xcassets */ = {isa = PBXFileReference; lastKnownFileType = folder.assetcatalog; path = "Preview Assets.xcassets"; sourceTree = "<group>"; };
		996BA41C29F0D5DB00DCA216 /* FavouritePlacesTests.xctest */ = {isa = PBXFileReference; explicitFileType = wrapper.cfbundle; includeInIndex = 0; path = FavouritePlacesTests.xctest; sourceTree = BUILT_PRODUCTS_DIR; };
		996BA42029F0D5DB00DCA216 /* FavouritePlacesTests.swift */ = {isa = PBXFileReference; lastKnownFileType = sourcecode.swift; path = FavouritePlacesTests.swift; sourceTree = "<group>"; };
		996BA42629F0D5DB00DCA216 /* FavouritePlacesUITests.xctest */ = {isa = PBXFileReference; explicitFileType = wrapper.cfbundle; includeInIndex = 0; path = FavouritePlacesUITests.xctest; sourceTree = BUILT_PRODUCTS_DIR; };
		996BA42A29F0D5DB00DCA216 /* FavouritePlacesUITests.swift */ = {isa = PBXFileReference; lastKnownFileType = sourcecode.swift; path = FavouritePlacesUITests.swift; sourceTree = "<group>"; };
		996BA42C29F0D5DB00DCA216 /* FavouritePlacesUITestsLaunchTests.swift */ = {isa = PBXFileReference; lastKnownFileType = sourcecode.swift; path = FavouritePlacesUITestsLaunchTests.swift; sourceTree = "<group>"; };
		996BA43929F0D75200DCA216 /* Readme.md */ = {isa = PBXFileReference; lastKnownFileType = net.daringfireball.markdown; path = Readme.md; sourceTree = "<group>"; };
		996BA43E29F0DBD900DCA216 /* Persistence.swift */ = {isa = PBXFileReference; lastKnownFileType = sourcecode.swift; path = Persistence.swift; sourceTree = "<group>"; };
		996BA44829F0E23700DCA216 /* DataModel.xcdatamodel */ = {isa = PBXFileReference; lastKnownFileType = wrapper.xcdatamodel; path = DataModel.xcdatamodel; sourceTree = "<group>"; };
		996BA44A29F0EE4E00DCA216 /* DetailView.swift */ = {isa = PBXFileReference; lastKnownFileType = sourcecode.swift; path = DetailView.swift; sourceTree = "<group>"; };
		99A924782A03A96100E54FCC /* LocationView.swift */ = {isa = PBXFileReference; lastKnownFileType = sourcecode.swift; path = LocationView.swift; sourceTree = "<group>"; };
		99A9247A2A03AD7E00E54FCC /* LocationModel.swift */ = {isa = PBXFileReference; lastKnownFileType = sourcecode.swift; path = LocationModel.swift; sourceTree = "<group>"; };
		99A9247C2A03B47200E54FCC /* LocationViewModel.swift */ = {isa = PBXFileReference; lastKnownFileType = sourcecode.swift; path = LocationViewModel.swift; sourceTree = "<group>"; };
/* End PBXFileReference section */

/* Begin PBXFrameworksBuildPhase section */
		996BA40929F0D5DA00DCA216 /* Frameworks */ = {
			isa = PBXFrameworksBuildPhase;
			buildActionMask = 2147483647;
			files = (
			);
			runOnlyForDeploymentPostprocessing = 0;
		};
		996BA41929F0D5DB00DCA216 /* Frameworks */ = {
			isa = PBXFrameworksBuildPhase;
			buildActionMask = 2147483647;
			files = (
			);
			runOnlyForDeploymentPostprocessing = 0;
		};
		996BA42329F0D5DB00DCA216 /* Frameworks */ = {
			isa = PBXFrameworksBuildPhase;
			buildActionMask = 2147483647;
			files = (
			);
			runOnlyForDeploymentPostprocessing = 0;
		};
/* End PBXFrameworksBuildPhase section */

/* Begin PBXGroup section */
		996BA40329F0D5DA00DCA216 = {
			isa = PBXGroup;
			children = (
				996BA43929F0D75200DCA216 /* Readme.md */,
				996BA40E29F0D5DB00DCA216 /* FavouritePlaces */,
				996BA41F29F0D5DB00DCA216 /* FavouritePlacesTests */,
				996BA42929F0D5DB00DCA216 /* FavouritePlacesUITests */,
				996BA40D29F0D5DB00DCA216 /* Products */,
			);
			sourceTree = "<group>";
		};
		996BA40D29F0D5DB00DCA216 /* Products */ = {
			isa = PBXGroup;
			children = (
				996BA40C29F0D5DB00DCA216 /* FavouritePlaces.app */,
				996BA41C29F0D5DB00DCA216 /* FavouritePlacesTests.xctest */,
				996BA42629F0D5DB00DCA216 /* FavouritePlacesUITests.xctest */,
			);
			name = Products;
			sourceTree = "<group>";
		};
		996BA40E29F0D5DB00DCA216 /* FavouritePlaces */ = {
			isa = PBXGroup;
			children = (
				996BA40F29F0D5DB00DCA216 /* FavouritePlacesApp.swift */,
				996BA44C29F0F7D000DCA216 /* View */,
				9973FC2829F6310400D058E8 /* ViewModel */,
				996BA44D29F0F87300DCA216 /* Model */,
				996BA41329F0D5DB00DCA216 /* Assets.xcassets */,
				9960407529FD331100D547E0 /* Documentation.docc */,
				996BA41529F0D5DB00DCA216 /* Preview Content */,
			);
			path = FavouritePlaces;
			sourceTree = "<group>";
		};
		996BA41529F0D5DB00DCA216 /* Preview Content */ = {
			isa = PBXGroup;
			children = (
				996BA41629F0D5DB00DCA216 /* Preview Assets.xcassets */,
			);
			path = "Preview Content";
			sourceTree = "<group>";
		};
		996BA41F29F0D5DB00DCA216 /* FavouritePlacesTests */ = {
			isa = PBXGroup;
			children = (
				996BA42029F0D5DB00DCA216 /* FavouritePlacesTests.swift */,
			);
			path = FavouritePlacesTests;
			sourceTree = "<group>";
		};
		996BA42929F0D5DB00DCA216 /* FavouritePlacesUITests */ = {
			isa = PBXGroup;
			children = (
				996BA42A29F0D5DB00DCA216 /* FavouritePlacesUITests.swift */,
				996BA42C29F0D5DB00DCA216 /* FavouritePlacesUITestsLaunchTests.swift */,
			);
			path = FavouritePlacesUITests;
			sourceTree = "<group>";
		};
		996BA44C29F0F7D000DCA216 /* View */ = {
			isa = PBXGroup;
			children = (
				996BA41129F0D5DB00DCA216 /* ContentView.swift */,
				9960406C29FCEFB500D547E0 /* PlaceListView.swift */,
				9960406E29FD064800D547E0 /* PlaceRowView.swift */,
				996BA44A29F0EE4E00DCA216 /* DetailView.swift */,
				99A924782A03A96100E54FCC /* LocationView.swift */,
			);
			path = View;
			sourceTree = "<group>";
		};
		996BA44D29F0F87300DCA216 /* Model */ = {
			isa = PBXGroup;
			children = (
				996BA44729F0E23700DCA216 /* DataModel.xcdatamodeld */,
				996BA43E29F0DBD900DCA216 /* Persistence.swift */,
				99A9247A2A03AD7E00E54FCC /* LocationModel.swift */,
			);
			path = Model;
			sourceTree = "<group>";
		};
		9973FC2829F6310400D058E8 /* ViewModel */ = {
			isa = PBXGroup;
			children = (
				9960406A29FCBF3300D547E0 /* PlaceViewModel.swift */,
				99A9247C2A03B47200E54FCC /* LocationViewModel.swift */,
			);
			path = ViewModel;
			sourceTree = "<group>";
		};
/* End PBXGroup section */

/* Begin PBXNativeTarget section */
		996BA40B29F0D5DA00DCA216 /* FavouritePlaces */ = {
			isa = PBXNativeTarget;
			buildConfigurationList = 996BA43029F0D5DB00DCA216 /* Build configuration list for PBXNativeTarget "FavouritePlaces" */;
			buildPhases = (
				996BA40829F0D5DA00DCA216 /* Sources */,
				996BA40929F0D5DA00DCA216 /* Frameworks */,
				996BA40A29F0D5DA00DCA216 /* Resources */,
			);
			buildRules = (
			);
			dependencies = (
			);
			name = FavouritePlaces;
			productName = FavouritePlaces;
			productReference = 996BA40C29F0D5DB00DCA216 /* FavouritePlaces.app */;
			productType = "com.apple.product-type.application";
		};
		996BA41B29F0D5DB00DCA216 /* FavouritePlacesTests */ = {
			isa = PBXNativeTarget;
			buildConfigurationList = 996BA43329F0D5DB00DCA216 /* Build configuration list for PBXNativeTarget "FavouritePlacesTests" */;
			buildPhases = (
				996BA41829F0D5DB00DCA216 /* Sources */,
				996BA41929F0D5DB00DCA216 /* Frameworks */,
				996BA41A29F0D5DB00DCA216 /* Resources */,
			);
			buildRules = (
			);
			dependencies = (
				996BA41E29F0D5DB00DCA216 /* PBXTargetDependency */,
			);
			name = FavouritePlacesTests;
			productName = FavouritePlacesTests;
			productReference = 996BA41C29F0D5DB00DCA216 /* FavouritePlacesTests.xctest */;
			productType = "com.apple.product-type.bundle.unit-test";
		};
		996BA42529F0D5DB00DCA216 /* FavouritePlacesUITests */ = {
			isa = PBXNativeTarget;
			buildConfigurationList = 996BA43629F0D5DB00DCA216 /* Build configuration list for PBXNativeTarget "FavouritePlacesUITests" */;
			buildPhases = (
				996BA42229F0D5DB00DCA216 /* Sources */,
				996BA42329F0D5DB00DCA216 /* Frameworks */,
				996BA42429F0D5DB00DCA216 /* Resources */,
			);
			buildRules = (
			);
			dependencies = (
				996BA42829F0D5DB00DCA216 /* PBXTargetDependency */,
			);
			name = FavouritePlacesUITests;
			productName = FavouritePlacesUITests;
			productReference = 996BA42629F0D5DB00DCA216 /* FavouritePlacesUITests.xctest */;
			productType = "com.apple.product-type.bundle.ui-testing";
		};
/* End PBXNativeTarget section */

/* Begin PBXProject section */
		996BA40429F0D5DA00DCA216 /* Project object */ = {
			isa = PBXProject;
			attributes = {
				BuildIndependentTargetsInParallel = 1;
				LastSwiftUpdateCheck = 1420;
				LastUpgradeCheck = 1420;
				TargetAttributes = {
					996BA40B29F0D5DA00DCA216 = {
						CreatedOnToolsVersion = 14.2;
					};
					996BA41B29F0D5DB00DCA216 = {
						CreatedOnToolsVersion = 14.2;
						TestTargetID = 996BA40B29F0D5DA00DCA216;
					};
					996BA42529F0D5DB00DCA216 = {
						CreatedOnToolsVersion = 14.2;
						TestTargetID = 996BA40B29F0D5DA00DCA216;
					};
				};
			};
			buildConfigurationList = 996BA40729F0D5DA00DCA216 /* Build configuration list for PBXProject "FavouritePlaces" */;
			compatibilityVersion = "Xcode 14.0";
			developmentRegion = en;
			hasScannedForEncodings = 0;
			knownRegions = (
				en,
				Base,
			);
			mainGroup = 996BA40329F0D5DA00DCA216;
			productRefGroup = 996BA40D29F0D5DB00DCA216 /* Products */;
			projectDirPath = "";
			projectRoot = "";
			targets = (
				996BA40B29F0D5DA00DCA216 /* FavouritePlaces */,
				996BA41B29F0D5DB00DCA216 /* FavouritePlacesTests */,
				996BA42529F0D5DB00DCA216 /* FavouritePlacesUITests */,
			);
		};
/* End PBXProject section */

/* Begin PBXResourcesBuildPhase section */
		996BA40A29F0D5DA00DCA216 /* Resources */ = {
			isa = PBXResourcesBuildPhase;
			buildActionMask = 2147483647;
			files = (
				996BA41729F0D5DB00DCA216 /* Preview Assets.xcassets in Resources */,
				996BA43A29F0D75200DCA216 /* Readme.md in Resources */,
				996BA41429F0D5DB00DCA216 /* Assets.xcassets in Resources */,
			);
			runOnlyForDeploymentPostprocessing = 0;
		};
		996BA41A29F0D5DB00DCA216 /* Resources */ = {
			isa = PBXResourcesBuildPhase;
			buildActionMask = 2147483647;
			files = (
			);
			runOnlyForDeploymentPostprocessing = 0;
		};
		996BA42429F0D5DB00DCA216 /* Resources */ = {
			isa = PBXResourcesBuildPhase;
			buildActionMask = 2147483647;
			files = (
			);
			runOnlyForDeploymentPostprocessing = 0;
		};
/* End PBXResourcesBuildPhase section */

/* Begin PBXSourcesBuildPhase section */
		996BA40829F0D5DA00DCA216 /* Sources */ = {
			isa = PBXSourcesBuildPhase;
			buildActionMask = 2147483647;
			files = (
				996BA41229F0D5DB00DCA216 /* ContentView.swift in Sources */,
				996BA44929F0E23700DCA216 /* DataModel.xcdatamodeld in Sources */,
				996BA43F29F0DBD900DCA216 /* Persistence.swift in Sources */,
				996BA44B29F0EE4E00DCA216 /* DetailView.swift in Sources */,
				9960407629FD331100D547E0 /* Documentation.docc in Sources */,
				99A9247B2A03AD7E00E54FCC /* LocationModel.swift in Sources */,
				9960406D29FCEFB500D547E0 /* PlaceListView.swift in Sources */,
				99A9247D2A03B47200E54FCC /* LocationViewModel.swift in Sources */,
				9960406F29FD064800D547E0 /* PlaceRowView.swift in Sources */,
				99A924792A03A96100E54FCC /* LocationView.swift in Sources */,
				9960406B29FCBF3300D547E0 /* PlaceViewModel.swift in Sources */,
				996BA41029F0D5DB00DCA216 /* FavouritePlacesApp.swift in Sources */,
			);
			runOnlyForDeploymentPostprocessing = 0;
		};
		996BA41829F0D5DB00DCA216 /* Sources */ = {
			isa = PBXSourcesBuildPhase;
			buildActionMask = 2147483647;
			files = (
				996BA42129F0D5DB00DCA216 /* FavouritePlacesTests.swift in Sources */,
				9960407429FD320B00D547E0 /* Persistence.swift in Sources */,
				9960407329FD319700D547E0 /* PlaceViewModel.swift in Sources */,
				9960407229FD319200D547E0 /* DataModel.xcdatamodeld in Sources */,
			);
			runOnlyForDeploymentPostprocessing = 0;
		};
		996BA42229F0D5DB00DCA216 /* Sources */ = {
			isa = PBXSourcesBuildPhase;
			buildActionMask = 2147483647;
			files = (
				996BA42D29F0D5DB00DCA216 /* FavouritePlacesUITestsLaunchTests.swift in Sources */,
				996BA42B29F0D5DB00DCA216 /* FavouritePlacesUITests.swift in Sources */,
			);
			runOnlyForDeploymentPostprocessing = 0;
		};
/* End PBXSourcesBuildPhase section */

/* Begin PBXTargetDependency section */
		996BA41E29F0D5DB00DCA216 /* PBXTargetDependency */ = {
			isa = PBXTargetDependency;
			target = 996BA40B29F0D5DA00DCA216 /* FavouritePlaces */;
			targetProxy = 996BA41D29F0D5DB00DCA216 /* PBXContainerItemProxy */;
		};
		996BA42829F0D5DB00DCA216 /* PBXTargetDependency */ = {
			isa = PBXTargetDependency;
			target = 996BA40B29F0D5DA00DCA216 /* FavouritePlaces */;
			targetProxy = 996BA42729F0D5DB00DCA216 /* PBXContainerItemProxy */;
		};
/* End PBXTargetDependency section */

/* Begin XCBuildConfiguration section */
		996BA42E29F0D5DB00DCA216 /* Debug */ = {
			isa = XCBuildConfiguration;
			buildSettings = {
				ALWAYS_SEARCH_USER_PATHS = NO;
				CLANG_ANALYZER_NONNULL = YES;
				CLANG_ANALYZER_NUMBER_OBJECT_CONVERSION = YES_AGGRESSIVE;
				CLANG_CXX_LANGUAGE_STANDARD = "gnu++20";
				CLANG_ENABLE_MODULES = YES;
				CLANG_ENABLE_OBJC_ARC = YES;
				CLANG_ENABLE_OBJC_WEAK = YES;
				CLANG_WARN_BLOCK_CAPTURE_AUTORELEASING = YES;
				CLANG_WARN_BOOL_CONVERSION = YES;
				CLANG_WARN_COMMA = YES;
				CLANG_WARN_CONSTANT_CONVERSION = YES;
				CLANG_WARN_DEPRECATED_OBJC_IMPLEMENTATIONS = YES;
				CLANG_WARN_DIRECT_OBJC_ISA_USAGE = YES_ERROR;
				CLANG_WARN_DOCUMENTATION_COMMENTS = YES;
				CLANG_WARN_EMPTY_BODY = YES;
				CLANG_WARN_ENUM_CONVERSION = YES;
				CLANG_WARN_INFINITE_RECURSION = YES;
				CLANG_WARN_INT_CONVERSION = YES;
				CLANG_WARN_NON_LITERAL_NULL_CONVERSION = YES;
				CLANG_WARN_OBJC_IMPLICIT_RETAIN_SELF = YES;
				CLANG_WARN_OBJC_LITERAL_CONVERSION = YES;
				CLANG_WARN_OBJC_ROOT_CLASS = YES_ERROR;
				CLANG_WARN_QUOTED_INCLUDE_IN_FRAMEWORK_HEADER = YES;
				CLANG_WARN_RANGE_LOOP_ANALYSIS = YES;
				CLANG_WARN_STRICT_PROTOTYPES = YES;
				CLANG_WARN_SUSPICIOUS_MOVE = YES;
				CLANG_WARN_UNGUARDED_AVAILABILITY = YES_AGGRESSIVE;
				CLANG_WARN_UNREACHABLE_CODE = YES;
				CLANG_WARN__DUPLICATE_METHOD_MATCH = YES;
				COPY_PHASE_STRIP = NO;
				DEBUG_INFORMATION_FORMAT = dwarf;
				ENABLE_STRICT_OBJC_MSGSEND = YES;
				ENABLE_TESTABILITY = YES;
				GCC_C_LANGUAGE_STANDARD = gnu11;
				GCC_DYNAMIC_NO_PIC = NO;
				GCC_NO_COMMON_BLOCKS = YES;
				GCC_OPTIMIZATION_LEVEL = 0;
				GCC_PREPROCESSOR_DEFINITIONS = (
					"DEBUG=1",
					"$(inherited)",
				);
				GCC_WARN_64_TO_32_BIT_CONVERSION = YES;
				GCC_WARN_ABOUT_RETURN_TYPE = YES_ERROR;
				GCC_WARN_UNDECLARED_SELECTOR = YES;
				GCC_WARN_UNINITIALIZED_AUTOS = YES_AGGRESSIVE;
				GCC_WARN_UNUSED_FUNCTION = YES;
				GCC_WARN_UNUSED_VARIABLE = YES;
				IPHONEOS_DEPLOYMENT_TARGET = 16.2;
				MTL_ENABLE_DEBUG_INFO = INCLUDE_SOURCE;
				MTL_FAST_MATH = YES;
				ONLY_ACTIVE_ARCH = YES;
				SDKROOT = iphoneos;
				SWIFT_ACTIVE_COMPILATION_CONDITIONS = DEBUG;
				SWIFT_OPTIMIZATION_LEVEL = "-Onone";
			};
			name = Debug;
		};
		996BA42F29F0D5DB00DCA216 /* Release */ = {
			isa = XCBuildConfiguration;
			buildSettings = {
				ALWAYS_SEARCH_USER_PATHS = NO;
				CLANG_ANALYZER_NONNULL = YES;
				CLANG_ANALYZER_NUMBER_OBJECT_CONVERSION = YES_AGGRESSIVE;
				CLANG_CXX_LANGUAGE_STANDARD = "gnu++20";
				CLANG_ENABLE_MODULES = YES;
				CLANG_ENABLE_OBJC_ARC = YES;
				CLANG_ENABLE_OBJC_WEAK = YES;
				CLANG_WARN_BLOCK_CAPTURE_AUTORELEASING = YES;
				CLANG_WARN_BOOL_CONVERSION = YES;
				CLANG_WARN_COMMA = YES;
				CLANG_WARN_CONSTANT_CONVERSION = YES;
				CLANG_WARN_DEPRECATED_OBJC_IMPLEMENTATIONS = YES;
				CLANG_WARN_DIRECT_OBJC_ISA_USAGE = YES_ERROR;
				CLANG_WARN_DOCUMENTATION_COMMENTS = YES;
				CLANG_WARN_EMPTY_BODY = YES;
				CLANG_WARN_ENUM_CONVERSION = YES;
				CLANG_WARN_INFINITE_RECURSION = YES;
				CLANG_WARN_INT_CONVERSION = YES;
				CLANG_WARN_NON_LITERAL_NULL_CONVERSION = YES;
				CLANG_WARN_OBJC_IMPLICIT_RETAIN_SELF = YES;
				CLANG_WARN_OBJC_LITERAL_CONVERSION = YES;
				CLANG_WARN_OBJC_ROOT_CLASS = YES_ERROR;
				CLANG_WARN_QUOTED_INCLUDE_IN_FRAMEWORK_HEADER = YES;
				CLANG_WARN_RANGE_LOOP_ANALYSIS = YES;
				CLANG_WARN_STRICT_PROTOTYPES = YES;
				CLANG_WARN_SUSPICIOUS_MOVE = YES;
				CLANG_WARN_UNGUARDED_AVAILABILITY = YES_AGGRESSIVE;
				CLANG_WARN_UNREACHABLE_CODE = YES;
				CLANG_WARN__DUPLICATE_METHOD_MATCH = YES;
				COPY_PHASE_STRIP = NO;
				DEBUG_INFORMATION_FORMAT = "dwarf-with-dsym";
				ENABLE_NS_ASSERTIONS = NO;
				ENABLE_STRICT_OBJC_MSGSEND = YES;
				GCC_C_LANGUAGE_STANDARD = gnu11;
				GCC_NO_COMMON_BLOCKS = YES;
				GCC_WARN_64_TO_32_BIT_CONVERSION = YES;
				GCC_WARN_ABOUT_RETURN_TYPE = YES_ERROR;
				GCC_WARN_UNDECLARED_SELECTOR = YES;
				GCC_WARN_UNINITIALIZED_AUTOS = YES_AGGRESSIVE;
				GCC_WARN_UNUSED_FUNCTION = YES;
				GCC_WARN_UNUSED_VARIABLE = YES;
				IPHONEOS_DEPLOYMENT_TARGET = 16.2;
				MTL_ENABLE_DEBUG_INFO = NO;
				MTL_FAST_MATH = YES;
				SDKROOT = iphoneos;
				SWIFT_COMPILATION_MODE = wholemodule;
				SWIFT_OPTIMIZATION_LEVEL = "-O";
				VALIDATE_PRODUCT = YES;
			};
			name = Release;
		};
		996BA43129F0D5DB00DCA216 /* Debug */ = {
			isa = XCBuildConfiguration;
			buildSettings = {
				ASSETCATALOG_COMPILER_APPICON_NAME = AppIcon;
				ASSETCATALOG_COMPILER_GLOBAL_ACCENT_COLOR_NAME = AccentColor;
				CODE_SIGN_STYLE = Automatic;
				CURRENT_PROJECT_VERSION = 1;
				DEVELOPMENT_ASSET_PATHS = "\"FavouritePlaces/Preview Content\"";
				ENABLE_PREVIEWS = YES;
				GENERATE_INFOPLIST_FILE = YES;
				INFOPLIST_KEY_UIApplicationSceneManifest_Generation = YES;
				INFOPLIST_KEY_UIApplicationSupportsIndirectInputEvents = YES;
				INFOPLIST_KEY_UILaunchScreen_Generation = YES;
				INFOPLIST_KEY_UISupportedInterfaceOrientations_iPad = "UIInterfaceOrientationPortrait UIInterfaceOrientationPortraitUpsideDown UIInterfaceOrientationLandscapeLeft UIInterfaceOrientationLandscapeRight";
				INFOPLIST_KEY_UISupportedInterfaceOrientations_iPhone = "UIInterfaceOrientationPortrait UIInterfaceOrientationLandscapeLeft UIInterfaceOrientationLandscapeRight";
				LD_RUNPATH_SEARCH_PATHS = (
					"$(inherited)",
					"@executable_path/Frameworks",
				);
				MARKETING_VERSION = 1.0;
				PRODUCT_BUNDLE_IDENTIFIER = au.com.webento.FavouritePlaces;
				PRODUCT_NAME = "$(TARGET_NAME)";
				SWIFT_EMIT_LOC_STRINGS = YES;
				SWIFT_VERSION = 5.0;
				TARGETED_DEVICE_FAMILY = "1,2";
			};
			name = Debug;
		};
		996BA43229F0D5DB00DCA216 /* Release */ = {
			isa = XCBuildConfiguration;
			buildSettings = {
				ASSETCATALOG_COMPILER_APPICON_NAME = AppIcon;
				ASSETCATALOG_COMPILER_GLOBAL_ACCENT_COLOR_NAME = AccentColor;
				CODE_SIGN_STYLE = Automatic;
				CURRENT_PROJECT_VERSION = 1;
				DEVELOPMENT_ASSET_PATHS = "\"FavouritePlaces/Preview Content\"";
				ENABLE_PREVIEWS = YES;
				GENERATE_INFOPLIST_FILE = YES;
				INFOPLIST_KEY_UIApplicationSceneManifest_Generation = YES;
				INFOPLIST_KEY_UIApplicationSupportsIndirectInputEvents = YES;
				INFOPLIST_KEY_UILaunchScreen_Generation = YES;
				INFOPLIST_KEY_UISupportedInterfaceOrientations_iPad = "UIInterfaceOrientationPortrait UIInterfaceOrientationPortraitUpsideDown UIInterfaceOrientationLandscapeLeft UIInterfaceOrientationLandscapeRight";
				INFOPLIST_KEY_UISupportedInterfaceOrientations_iPhone = "UIInterfaceOrientationPortrait UIInterfaceOrientationLandscapeLeft UIInterfaceOrientationLandscapeRight";
				LD_RUNPATH_SEARCH_PATHS = (
					"$(inherited)",
					"@executable_path/Frameworks",
				);
				MARKETING_VERSION = 1.0;
				PRODUCT_BUNDLE_IDENTIFIER = au.com.webento.FavouritePlaces;
				PRODUCT_NAME = "$(TARGET_NAME)";
				SWIFT_EMIT_LOC_STRINGS = YES;
				SWIFT_VERSION = 5.0;
				TARGETED_DEVICE_FAMILY = "1,2";
			};
			name = Release;
		};
		996BA43429F0D5DB00DCA216 /* Debug */ = {
			isa = XCBuildConfiguration;
			buildSettings = {
				ALWAYS_EMBED_SWIFT_STANDARD_LIBRARIES = YES;
				BUNDLE_LOADER = "$(TEST_HOST)";
				CODE_SIGN_STYLE = Automatic;
				CURRENT_PROJECT_VERSION = 1;
				GENERATE_INFOPLIST_FILE = YES;
				IPHONEOS_DEPLOYMENT_TARGET = 16.2;
				MARKETING_VERSION = 1.0;
				PRODUCT_BUNDLE_IDENTIFIER = au.com.webento.FavouritePlacesTests;
				PRODUCT_NAME = "$(TARGET_NAME)";
				SWIFT_EMIT_LOC_STRINGS = NO;
				SWIFT_VERSION = 5.0;
				TARGETED_DEVICE_FAMILY = "1,2";
				TEST_HOST = "$(BUILT_PRODUCTS_DIR)/FavouritePlaces.app/$(BUNDLE_EXECUTABLE_FOLDER_PATH)/FavouritePlaces";
			};
			name = Debug;
		};
		996BA43529F0D5DB00DCA216 /* Release */ = {
			isa = XCBuildConfiguration;
			buildSettings = {
				ALWAYS_EMBED_SWIFT_STANDARD_LIBRARIES = YES;
				BUNDLE_LOADER = "$(TEST_HOST)";
				CODE_SIGN_STYLE = Automatic;
				CURRENT_PROJECT_VERSION = 1;
				GENERATE_INFOPLIST_FILE = YES;
				IPHONEOS_DEPLOYMENT_TARGET = 16.2;
				MARKETING_VERSION = 1.0;
				PRODUCT_BUNDLE_IDENTIFIER = au.com.webento.FavouritePlacesTests;
				PRODUCT_NAME = "$(TARGET_NAME)";
				SWIFT_EMIT_LOC_STRINGS = NO;
				SWIFT_VERSION = 5.0;
				TARGETED_DEVICE_FAMILY = "1,2";
				TEST_HOST = "$(BUILT_PRODUCTS_DIR)/FavouritePlaces.app/$(BUNDLE_EXECUTABLE_FOLDER_PATH)/FavouritePlaces";
			};
			name = Release;
		};
		996BA43729F0D5DB00DCA216 /* Debug */ = {
			isa = XCBuildConfiguration;
			buildSettings = {
				ALWAYS_EMBED_SWIFT_STANDARD_LIBRARIES = YES;
				CODE_SIGN_STYLE = Automatic;
				CURRENT_PROJECT_VERSION = 1;
				GENERATE_INFOPLIST_FILE = YES;
				MARKETING_VERSION = 1.0;
				PRODUCT_BUNDLE_IDENTIFIER = au.com.webento.FavouritePlacesUITests;
				PRODUCT_NAME = "$(TARGET_NAME)";
				SWIFT_EMIT_LOC_STRINGS = NO;
				SWIFT_VERSION = 5.0;
				TARGETED_DEVICE_FAMILY = "1,2";
				TEST_TARGET_NAME = FavouritePlaces;
			};
			name = Debug;
		};
		996BA43829F0D5DB00DCA216 /* Release */ = {
			isa = XCBuildConfiguration;
			buildSettings = {
				ALWAYS_EMBED_SWIFT_STANDARD_LIBRARIES = YES;
				CODE_SIGN_STYLE = Automatic;
				CURRENT_PROJECT_VERSION = 1;
				GENERATE_INFOPLIST_FILE = YES;
				MARKETING_VERSION = 1.0;
				PRODUCT_BUNDLE_IDENTIFIER = au.com.webento.FavouritePlacesUITests;
				PRODUCT_NAME = "$(TARGET_NAME)";
				SWIFT_EMIT_LOC_STRINGS = NO;
				SWIFT_VERSION = 5.0;
				TARGETED_DEVICE_FAMILY = "1,2";
				TEST_TARGET_NAME = FavouritePlaces;
			};
			name = Release;
		};
/* End XCBuildConfiguration section */

/* Begin XCConfigurationList section */
		996BA40729F0D5DA00DCA216 /* Build configuration list for PBXProject "FavouritePlaces" */ = {
			isa = XCConfigurationList;
			buildConfigurations = (
				996BA42E29F0D5DB00DCA216 /* Debug */,
				996BA42F29F0D5DB00DCA216 /* Release */,
			);
			defaultConfigurationIsVisible = 0;
			defaultConfigurationName = Release;
		};
		996BA43029F0D5DB00DCA216 /* Build configuration list for PBXNativeTarget "FavouritePlaces" */ = {
			isa = XCConfigurationList;
			buildConfigurations = (
				996BA43129F0D5DB00DCA216 /* Debug */,
				996BA43229F0D5DB00DCA216 /* Release */,
			);
			defaultConfigurationIsVisible = 0;
			defaultConfigurationName = Release;
		};
		996BA43329F0D5DB00DCA216 /* Build configuration list for PBXNativeTarget "FavouritePlacesTests" */ = {
			isa = XCConfigurationList;
			buildConfigurations = (
				996BA43429F0D5DB00DCA216 /* Debug */,
				996BA43529F0D5DB00DCA216 /* Release */,
			);
			defaultConfigurationIsVisible = 0;
			defaultConfigurationName = Release;
		};
		996BA43629F0D5DB00DCA216 /* Build configuration list for PBXNativeTarget "FavouritePlacesUITests" */ = {
			isa = XCConfigurationList;
			buildConfigurations = (
				996BA43729F0D5DB00DCA216 /* Debug */,
				996BA43829F0D5DB00DCA216 /* Release */,
			);
			defaultConfigurationIsVisible = 0;
			defaultConfigurationName = Release;
		};
/* End XCConfigurationList section */

/* Begin XCVersionGroup section */
		996BA44729F0E23700DCA216 /* DataModel.xcdatamodeld */ = {
			isa = XCVersionGroup;
			children = (
				996BA44829F0E23700DCA216 /* DataModel.xcdatamodel */,
			);
			currentVersion = 996BA44829F0E23700DCA216 /* DataModel.xcdatamodel */;
			path = DataModel.xcdatamodeld;
			sourceTree = "<group>";
			versionGroupType = wrapper.xcdatamodel;
		};
/* End XCVersionGroup section */
	};
	rootObject = 996BA40429F0D5DA00DCA216 /* Project object */;
}
